
Microsoft Visual Studio Solution File, Format Version 12.00
# Visual Studio Version 17
VisualStudioVersion = 17.3.32819.101
MinimumVisualStudioVersion = 10.0.40219.1
Project("{FAE04EC0-301F-11D3-BF4B-00C04F79EFBC}") = "IAGROBooks-WebAPI", "IAGROBooks-WebAPI.csproj", "{367DB74C-A0A0-43DE-AEFE-6BC3012C0902}"
EndProject
Global
	GlobalSection(SolutionConfigurationPlatforms) = preSolution
		Debug|Any CPU = Debug|Any CPU
		Release|Any CPU = Release|Any CPU
	EndGlobalSection
	GlobalSection(ProjectConfigurationPlatforms) = postSolution
		{367DB74C-A0A0-43DE-AEFE-6BC3012C0902}.Debug|Any CPU.ActiveCfg = Debug|Any CPU
		{367DB74C-A0A0-43DE-AEFE-6BC3012C0902}.Debug|Any CPU.Build.0 = Debug|Any CPU
		{367DB74C-A0A0-43DE-AEFE-6BC3012C0902}.Release|Any CPU.ActiveCfg = Release|Any CPU
		{367DB74C-A0A0-43DE-AEFE-6BC3012C0902}.Release|Any CPU.Build.0 = Release|Any CPU
	EndGlobalSection
	GlobalSection(SolutionProperties) = preSolution
		HideSolutionNode = FALSE
	EndGlobalSection
	GlobalSection(ExtensibilityGlobals) = postSolution
		SolutionGuid = {90DC28B7-071C-4F2A-BE93-FDBF0CC409DC}
	EndGlobalSection
EndGlobal
